
Microsoft Visual Studio Solution File, Format Version 12.00
# Visual Studio 15
VisualStudioVersion = 15.0.27703.2035
MinimumVisualStudioVersion = 10.0.40219.1
Project("{FAE04EC0-301F-11D3-BF4B-00C04F79EFBC}") = "AppCore", "AppCore\AppCore.csproj", "{4E225FD5-AA6B-41C6-A6B2-28B7DCD4079D}"
EndProject
Global
	GlobalSection(SolutionConfigurationPlatforms) = preSolution
		Debug|Any CPU = Debug|Any CPU
		Release|Any CPU = Release|Any CPU
	EndGlobalSection
	GlobalSection(ProjectConfigurationPlatforms) = postSolution
		{4E225FD5-AA6B-41C6-A6B2-28B7DCD4079D}.Debug|Any CPU.ActiveCfg = Debug|Any CPU
		{4E225FD5-AA6B-41C6-A6B2-28B7DCD4079D}.Debug|Any CPU.Build.0 = Debug|Any CPU
		{4E225FD5-AA6B-41C6-A6B2-28B7DCD4079D}.Release|Any CPU.ActiveCfg = Release|Any CPU
		{4E225FD5-AA6B-41C6-A6B2-28B7DCD4079D}.Release|Any CPU.Build.0 = Release|Any CPU
	EndGlobalSection
	GlobalSection(SolutionProperties) = preSolution
		HideSolutionNode = FALSE
	EndGlobalSection
	GlobalSection(ExtensibilityGlobals) = postSolution
		SolutionGuid = {D1EC44E7-0039-4CD2-A1E8-8C2A0FF65DC1}
	EndGlobalSection
EndGlobal
